
Microsoft Visual Studio Solution File, Format Version 12.00
# Visual Studio 15
VisualStudioVersion = 15.0.27703.2026
MinimumVisualStudioVersion = 10.0.40219.1
Project("{FAE04EC0-301F-11D3-BF4B-00C04F79EFBC}") = "WindowsFormsApp2", "WindowsFormsApp2\WindowsFormsApp2.csproj", "{F5C55BE2-3895-4181-887F-FA9029113449}"
EndProject
Global
	GlobalSection(SolutionConfigurationPlatforms) = preSolution
		Debug|Any CPU = Debug|Any CPU
		Release|Any CPU = Release|Any CPU
	EndGlobalSection
	GlobalSection(ProjectConfigurationPlatforms) = postSolution
		{F5C55BE2-3895-4181-887F-FA9029113449}.Debug|Any CPU.ActiveCfg = Debug|Any CPU
		{F5C55BE2-3895-4181-887F-FA9029113449}.Debug|Any CPU.Build.0 = Debug|Any CPU
		{F5C55BE2-3895-4181-887F-FA9029113449}.Release|Any CPU.ActiveCfg = Release|Any CPU
		{F5C55BE2-3895-4181-887F-FA9029113449}.Release|Any CPU.Build.0 = Release|Any CPU
	EndGlobalSection
	GlobalSection(SolutionProperties) = preSolution
		HideSolutionNode = FALSE
	EndGlobalSection
	GlobalSection(ExtensibilityGlobals) = postSolution
		SolutionGuid = {F412AD11-1F35-4FB8-ADD6-A8F4ADABECDA}
	EndGlobalSection
EndGlobal
